{
  "version": 4,
  "terraform_version": "1.5.7",
  "serial": 31,
  "lineage": "484df679-29f9-c178-e793-deb0d618912d",
  "outputs": {},
  "resources": [
    {
      "mode": "managed",
      "type": "aws_iam_policy_attachment",
      "name": "firehose_delivery_policy_attachment",
      "provider": "provider[\"registry.terraform.io/hashicorp/aws\"]",
      "instances": [
        {
          "schema_version": 0,
          "attributes": {
            "groups": null,
            "id": "FirehoseDeliveryPolicyAttachment",
            "name": "FirehoseDeliveryPolicyAttachment",
            "policy_arn": "arn:aws:iam::aws:policy/AmazonS3FullAccess",
            "roles": [
              "FirehoseDeliveryRole"
            ],
            "users": null
          },
          "sensitive_attributes": [],
          "private": "bnVsbA==",
          "dependencies": [
            "aws_iam_role.firehose_delivery_role"
          ]
        }
      ]
    },
    {
      "mode": "managed",
      "type": "aws_iam_role",
      "name": "firehose_delivery_role",
      "provider": "provider[\"registry.terraform.io/hashicorp/aws\"]",
      "instances": [
        {
          "schema_version": 0,
          "attributes": {
            "arn": "arn:aws:iam::891377009330:role/FirehoseDeliveryRole",
            "assume_role_policy": "{\"Statement\":[{\"Action\":\"sts:AssumeRole\",\"Effect\":\"Allow\",\"Principal\":{\"Service\":\"firehose.amazonaws.com\"}}],\"Version\":\"2012-10-17\"}",
            "create_date": "2024-09-16T15:45:03Z",
            "description": "",
            "force_detach_policies": false,
            "id": "FirehoseDeliveryRole",
            "inline_policy": [],
            "managed_policy_arns": [],
            "max_session_duration": 3600,
            "name": "FirehoseDeliveryRole",
            "name_prefix": "",
            "path": "/",
            "permissions_boundary": "",
            "tags": null,
            "tags_all": {},
            "unique_id": "AROA47CRVYKZJJPEWYJJX"
          },
          "sensitive_attributes": [],
          "private": "bnVsbA=="
        }
      ]
    },
    {
      "mode": "managed",
      "type": "aws_kinesis_firehose_delivery_stream",
      "name": "extended_s3_stream",
      "provider": "provider[\"registry.terraform.io/hashicorp/aws\"]",
      "instances": [
        {
          "schema_version": 1,
          "attributes": {
            "arn": "arn:aws:firehose:eu-west-2:891377009330:deliverystream/gib-waf-logs-delivery-stream",
            "destination": "extended_s3",
            "destination_id": "destinationId-000000000001",
            "elasticsearch_configuration": [],
            "extended_s3_configuration": [
              {
                "bucket_arn": "arn:aws:s3:::gib-waf-logs-bucket",
                "buffering_interval": 300,
                "buffering_size": 64,
                "cloudwatch_logging_options": [
                  {
                    "enabled": false,
                    "log_group_name": "",
                    "log_stream_name": ""
                  }
                ],
                "compression_format": "UNCOMPRESSED",
                "custom_time_zone": "UTC",
                "data_format_conversion_configuration": [],
                "dynamic_partitioning_configuration": [
                  {
                    "enabled": true,
                    "retry_duration": 300
                  }
                ],
                "error_output_prefix": "errors/year=!{timestamp:yyyy}/month=!{timestamp:MM}/day=!{timestamp:dd}/hour=!{timestamp:HH}/!{firehose:error-output-type}/",
                "file_extension": "",
                "kms_key_arn": "",
                "prefix": "data/customer_id=!{partitionKeyFromQuery:customer_id}/year=!{timestamp:yyyy}/month=!{timestamp:MM}/day=!{timestamp:dd}/hour=!{timestamp:HH}/",
                "processing_configuration": [
                  {
                    "enabled": true,
                    "processors": [
                      {
                        "parameters": [
                          {
                            "parameter_name": "SubRecordType",
                            "parameter_value": "JSON"
                          }
                        ],
                        "type": "RecordDeAggregation"
                      },
                      {
                        "parameters": [],
                        "type": "AppendDelimiterToRecord"
                      },
                      {
                        "parameters": [
                          {
                            "parameter_name": "JsonParsingEngine",
                            "parameter_value": "JQ-1.6"
                          },
                          {
                            "parameter_name": "MetadataExtractionQuery",
                            "parameter_value": "{customer_id:.customer_id}"
                          }
                        ],
                        "type": "MetadataExtraction"
                      }
                    ]
                  }
                ],
                "role_arn": "arn:aws:iam::891377009330:role/FirehoseDeliveryRole",
                "s3_backup_configuration": [],
                "s3_backup_mode": "Disabled"
              }
            ],
            "http_endpoint_configuration": [],
            "id": "arn:aws:firehose:eu-west-2:891377009330:deliverystream/gib-waf-logs-delivery-stream",
            "kinesis_source_configuration": [],
            "msk_source_configuration": [],
            "name": "gib-waf-logs-delivery-stream",
            "opensearch_configuration": [],
            "opensearchserverless_configuration": [],
            "redshift_configuration": [],
            "server_side_encryption": [
              {
                "enabled": false,
                "key_arn": "",
                "key_type": "AWS_OWNED_CMK"
              }
            ],
            "snowflake_configuration": [],
            "splunk_configuration": [],
            "tags": null,
            "tags_all": {},
            "timeouts": null,
            "version_id": "1"
          },
          "sensitive_attributes": [],
          "private": "eyJlMmJmYjczMC1lY2FhLTExZTYtOGY4OC0zNDM2M2JjN2M0YzAiOnsiY3JlYXRlIjoxODAwMDAwMDAwMDAwLCJkZWxldGUiOjE4MDAwMDAwMDAwMDAsInVwZGF0ZSI6NjAwMDAwMDAwMDAwfSwic2NoZW1hX3ZlcnNpb24iOiIxIn0=",
          "dependencies": [
            "aws_iam_role.firehose_delivery_role",
            "aws_s3_bucket.firehose_bucket"
          ]
        }
      ]
    },
    {
      "mode": "managed",
      "type": "aws_s3_bucket",
      "name": "firehose_bucket",
      "provider": "provider[\"registry.terraform.io/hashicorp/aws\"]",
      "instances": [
        {
          "schema_version": 0,
          "attributes": {
            "acceleration_status": "",
            "acl": null,
            "arn": "arn:aws:s3:::gib-waf-logs-bucket",
            "bucket": "gib-waf-logs-bucket",
            "bucket_domain_name": "gib-waf-logs-bucket.s3.amazonaws.com",
            "bucket_prefix": "",
            "bucket_regional_domain_name": "gib-waf-logs-bucket.s3.eu-west-2.amazonaws.com",
            "cors_rule": [],
            "force_destroy": false,
            "grant": [
              {
                "id": "27daa5843077b213cc2612151a2ac7d37850b5a3bf8edd94253bdf68b2d67b34",
                "permissions": [
                  "FULL_CONTROL"
                ],
                "type": "CanonicalUser",
                "uri": ""
              }
            ],
            "hosted_zone_id": "Z3GKZC51ZF0DB4",
            "id": "gib-waf-logs-bucket",
            "lifecycle_rule": [
              {
                "abort_incomplete_multipart_upload_days": 0,
                "enabled": true,
                "expiration": [],
                "id": "Blank-Rule",
                "noncurrent_version_expiration": [],
                "noncurrent_version_transition": [
                  {
                    "days": 365,
                    "storage_class": "STANDARD_IA"
                  }
                ],
                "prefix": "",
                "tags": {},
                "transition": []
              }
            ],
            "logging": [],
            "object_lock_configuration": [
              {
                "object_lock_enabled": "Enabled",
                "rule": [
                  {
                    "default_retention": [
                      {
                        "days": 90,
                        "mode": "GOVERNANCE",
                        "years": 0
                      }
                    ]
                  }
                ]
              }
            ],
            "object_lock_enabled": true,
            "policy": "{\"Id\":\"Block un-ecrypted\",\"Statement\":[{\"Action\":\"s3:*\",\"Condition\":{\"Bool\":{\"aws:SecureTransport\":\"false\"}},\"Effect\":\"Deny\",\"Principal\":\"*\",\"Resource\":[\"arn:aws:s3:::gib-waf-logs-bucket\",\"arn:aws:s3:::gib-waf-logs-bucket/*\"],\"Sid\":\"AllowSSLRequestsOnly\"}],\"Version\":\"2012-10-17\"}",
            "region": "eu-west-2",
            "replication_configuration": [],
            "request_payer": "BucketOwner",
            "server_side_encryption_configuration": [
              {
                "rule": [
                  {
                    "apply_server_side_encryption_by_default": [
                      {
                        "kms_master_key_id": "",
                        "sse_algorithm": "AES256"
                      }
                    ],
                    "bucket_key_enabled": false
                  }
                ]
              }
            ],
            "tags": {},
            "tags_all": {},
            "timeouts": null,
            "versioning": [
              {
                "enabled": true,
                "mfa_delete": false
              }
            ],
            "website": [],
            "website_domain": null,
            "website_endpoint": null
          },
          "sensitive_attributes": [],
          "private": "eyJlMmJmYjczMC1lY2FhLTExZTYtOGY4OC0zNDM2M2JjN2M0YzAiOnsiY3JlYXRlIjoxMjAwMDAwMDAwMDAwLCJkZWxldGUiOjM2MDAwMDAwMDAwMDAsInJlYWQiOjEyMDAwMDAwMDAwMDAsInVwZGF0ZSI6MTIwMDAwMDAwMDAwMH19"
        }
      ]
    },
    {
      "mode": "managed",
      "type": "aws_wafv2_web_acl",
      "name": "gib-web-acl",
      "provider": "provider[\"registry.terraform.io/hashicorp/aws\"]",
      "instances": [
        {
          "schema_version": 0,
          "attributes": {
            "application_integration_url": "",
            "arn": "arn:aws:wafv2:eu-west-2:891377009330:regional/webacl/gib-web-acl/21b6996a-5438-4c59-b073-0610633ba16e",
            "association_config": [],
            "capacity": 700,
            "captcha_config": [],
            "challenge_config": [],
            "custom_response_body": [],
            "default_action": [
              {
                "allow": [
                  {
                    "custom_request_handling": []
                  }
                ],
                "block": []
              }
            ],
            "description": "GIB WAFv2 Web ACL",
            "id": "21b6996a-5438-4c59-b073-0610633ba16e",
            "lock_token": "2292f7a0-9121-4f46-8b2b-546f5e93d67d",
            "name": "gib-web-acl",
            "rule": [
              {
                "action": [],
                "captcha_config": [],
                "name": "AWS-AWSManagedRulesCommonRuleSet",
                "override_action": [
                  {
                    "count": [],
                    "none": [
                      {}
                    ]
                  }
                ],
                "priority": 1,
                "rule_label": [],
                "statement": [
                  {
                    "and_statement": [],
                    "byte_match_statement": [],
                    "geo_match_statement": [],
                    "ip_set_reference_statement": [],
                    "label_match_statement": [],
                    "managed_rule_group_statement": [
                      {
                        "managed_rule_group_configs": [],
                        "name": "AWSManagedRulesCommonRuleSet",
                        "rule_action_override": [],
                        "scope_down_statement": [],
                        "vendor_name": "AWS",
                        "version": ""
                      }
                    ],
                    "not_statement": [],
                    "or_statement": [],
                    "rate_based_statement": [],
                    "regex_match_statement": [],
                    "regex_pattern_set_reference_statement": [],
                    "rule_group_reference_statement": [],
                    "size_constraint_statement": [],
                    "sqli_match_statement": [],
                    "xss_match_statement": []
                  }
                ],
                "visibility_config": [
                  {
                    "cloudwatch_metrics_enabled": true,
                    "metric_name": "AWSManagedRulesCommonRuleSet",
                    "sampled_requests_enabled": true
                  }
                ]
              }
            ],
            "scope": "REGIONAL",
            "tags": {
              "Name": "gib-web-acl"
            },
            "tags_all": {
              "Name": "gib-web-acl"
            },
            "token_domains": null,
            "visibility_config": [
              {
                "cloudwatch_metrics_enabled": true,
                "metric_name": "gib-web-acl",
                "sampled_requests_enabled": true
              }
            ]
          },
          "sensitive_attributes": [],
          "private": "bnVsbA=="
        }
      ]
    }
  ],
  "check_results": null
}
